# This file is automatically @generated by Poetry 1.5.1 and should not be changed by hand.

[[package]]
name = "pygame-ce"
version = "2.3.0"
description = "Python Game Development"
optional = false
python-versions = ">=3.7"
files = [
    {file = "pygame-ce-2.3.0.tar.gz", hash = "sha256:9f1537ec7c7d584224fe43a17f5bb3ca46ebe61240a849f5da03daf040cc7ea5"},
    {file = "pygame_ce-2.3.0-cp310-cp310-macosx_10_9_x86_64.whl", hash = "sha256:043b05903fa86a4e6446c7deb8ec8cc8caa3e189085c2607c52bd0330aa69ca5"},
    {file = "pygame_ce-2.3.0-cp310-cp310-macosx_11_0_arm64.whl", hash = "sha256:4ec949d85e372958aae34bddef9f54ca5d079f754fcc23c951979a14b9e44817"},
    {file = "pygame_ce-2.3.0-cp310-cp310-manylinux_2_17_i686.manylinux2014_i686.whl", hash = "sha256:2c577ed6fdf0aa390439a789a7447c2c234ea319a3c20261e30bce9a962428b2"},
    {file = "pygame_ce-2.3.0-cp310-cp310-manylinux_2_17_x86_64.manylinux2014_x86_64.whl", hash = "sha256:6c023b58dd5991477d3535b950ec0eca30c9e8a3d86d04ff083228ab1009f264"},
    {file = "pygame_ce-2.3.0-cp310-cp310-win32.whl", hash = "sha256:88d43abd3610fe2dd4cb25e61705223da3f7ff615a694e6afda18a6873ebe781"},
    {file = "pygame_ce-2.3.0-cp310-cp310-win_amd64.whl", hash = "sha256:f2c052ee95d2464c38aeb146963db3c9d14fc4d36775bf07884e47d5a3815a3d"},
    {file = "pygame_ce-2.3.0-cp311-cp311-macosx_10_9_x86_64.whl", hash = "sha256:712207236dd64e13c4a72ae71cb8f698eb5deb7c1972f0bb61463540c7ed8fec"},
    {file = "pygame_ce-2.3.0-cp311-cp311-macosx_11_0_arm64.whl", hash = "sha256:3bf7a3c315d255b4e96bc421100365240cee935005082b0fa5c12b099cd6ac17"},
    {file = "pygame_ce-2.3.0-cp311-cp311-manylinux_2_17_i686.manylinux2014_i686.whl", hash = "sha256:eed92893fa99fa489693fb018543311ab05fe88daccb0d86417602aae63bc689"},
    {file = "pygame_ce-2.3.0-cp311-cp311-manylinux_2_17_x86_64.manylinux2014_x86_64.whl", hash = "sha256:693da47bf1b587eedb9748ad2c92f69049687df2fbfabcf65685dcaa4642ea2f"},
    {file = "pygame_ce-2.3.0-cp311-cp311-win32.whl", hash = "sha256:c22ec81972c15a0123dff599bf8fc4393516980bf90ff387aa8511c4411bf7c0"},
    {file = "pygame_ce-2.3.0-cp311-cp311-win_amd64.whl", hash = "sha256:dc206587140151381b0ddedb538d053ac88e01d9da5c788ec406a9bc61046fbe"},
    {file = "pygame_ce-2.3.0-cp37-cp37m-macosx_10_9_x86_64.whl", hash = "sha256:c7e747e91000690244877d17533498a4feb9ceeb32ab45117d88c23e9bbc34ed"},
    {file = "pygame_ce-2.3.0-cp37-cp37m-manylinux_2_17_i686.manylinux2014_i686.whl", hash = "sha256:0c517ceb70929c20bbeb7b0ea8e0443533473b3376070e06ee4816b0c2ffc6a2"},
    {file = "pygame_ce-2.3.0-cp37-cp37m-manylinux_2_17_x86_64.manylinux2014_x86_64.whl", hash = "sha256:0cbc5883108396502e8abc073efa55ae16873ddfa854bd63b08b78f9034a0111"},
    {file = "pygame_ce-2.3.0-cp37-cp37m-win32.whl", hash = "sha256:4b69bec388d97feb612ec4ae7ebbc027890d1de14b46823e470f317d362526e5"},
    {file = "pygame_ce-2.3.0-cp37-cp37m-win_amd64.whl", hash = "sha256:5369056a08d8a6d4f901bc8fdbc20ff8a4e9fc9899c4f8b51736f2413b1fefdc"},
    {file = "pygame_ce-2.3.0-cp38-cp38-macosx_10_9_x86_64.whl", hash = "sha256:d94aa178334afcbb3cd1adfccc528c78a75e7d22e618c3bcccdf230b5fddf86d"},
    {file = "pygame_ce-2.3.0-cp38-cp38-macosx_11_0_arm64.whl", hash = "sha256:b55675d1a845ce5284ec0de9c57fff24bdcce1ef1fa7aed350693d552824e3be"},
    {file = "pygame_ce-2.3.0-cp38-cp38-manylinux_2_17_i686.manylinux2014_i686.whl", hash = "sha256:dd4934118fd5f96f865189de78228db1a7e2cf7ad850f4fffedc15b56a78731d"},
    {file = "pygame_ce-2.3.0-cp38-cp38-manylinux_2_17_x86_64.manylinux2014_x86_64.whl", hash = "sha256:257571efdbfcbe670da788d63f9de1a798db1fb41c7585bd17411a426487122f"},
    {file = "pygame_ce-2.3.0-cp38-cp38-win32.whl", hash = "sha256:5144d98750f34d9d6ecf71640a7510413ab1609d8589af43b621f9c3337f369c"},
    {file = "pygame_ce-2.3.0-cp38-cp38-win_amd64.whl", hash = "sha256:78b8a3a2518a9ee5dd2dcea8dc965ced27c732460181a60b09b908d75ca40675"},
    {file = "pygame_ce-2.3.0-cp39-cp39-macosx_10_9_x86_64.whl", hash = "sha256:ab14c0005bf80682551b915e60a78504f625e57049e196cfa57cb0ad7e80327f"},
    {file = "pygame_ce-2.3.0-cp39-cp39-macosx_11_0_arm64.whl", hash = "sha256:0b4392cb06788858e98d0bb1d87e9a5afc90376a558dee14bb59ca546476ba4d"},
    {file = "pygame_ce-2.3.0-cp39-cp39-manylinux_2_17_i686.manylinux2014_i686.whl", hash = "sha256:6bcab98cb17894a2e87bff5d22161cdd2e8852f62cc013888c012bb0dc2613ed"},
    {file = "pygame_ce-2.3.0-cp39-cp39-manylinux_2_17_x86_64.manylinux2014_x86_64.whl", hash = "sha256:610b5831c248e3b92ef40277a452992bbcf7fe4149778d99b94fd17f2d454fb7"},
    {file = "pygame_ce-2.3.0-cp39-cp39-win32.whl", hash = "sha256:7c881665aac2a38a9e455451935d3cc5954bbc684d4db807f5a4f69af532f51c"},
    {file = "pygame_ce-2.3.0-cp39-cp39-win_amd64.whl", hash = "sha256:15c5c3980eb20fa3bd9c659915ffa39a2cb11f33fa60a991e392035aabb0735c"},
    {file = "pygame_ce-2.3.0-pp37-pypy37_pp73-macosx_10_9_x86_64.whl", hash = "sha256:a17e779b74236b01b55e72dc8aaba9ed28164f834a63e049c6195f4072e3fbe9"},
    {file = "pygame_ce-2.3.0-pp37-pypy37_pp73-manylinux_2_17_i686.manylinux2014_i686.whl", hash = "sha256:274ca5a40a62653adb28b3c72dc0257c0bc9ff0bf31d95380d3997d72b8dd10f"},
    {file = "pygame_ce-2.3.0-pp37-pypy37_pp73-manylinux_2_17_x86_64.manylinux2014_x86_64.whl", hash = "sha256:ee2e1ea04e6113dab46b184770178c5f0e6585709290685c95819731023d21ec"},
    {file = "pygame_ce-2.3.0-pp37-pypy37_pp73-win_amd64.whl", hash = "sha256:a04ff8cfcdb042fb9855047713361d8f34274906c6e8ab50f3371da8e8e96012"},
    {file = "pygame_ce-2.3.0-pp38-pypy38_pp73-macosx_10_9_x86_64.whl", hash = "sha256:d8e6ba1f57a9b85c6e1331e0a2ec2d667125d92c29aafe8006d4199500acec1e"},
    {file = "pygame_ce-2.3.0-pp38-pypy38_pp73-manylinux_2_17_i686.manylinux2014_i686.whl", hash = "sha256:cdd477fd95a682ecbb72b95ae966fd89be0dafeed7940c3c96fa4561b1600f39"},
    {file = "pygame_ce-2.3.0-pp38-pypy38_pp73-manylinux_2_17_x86_64.manylinux2014_x86_64.whl", hash = "sha256:c05506977ccafcbe320819cbeb26a9b7e6adf1c4be34c4c1e78ec4221d441469"},
    {file = "pygame_ce-2.3.0-pp38-pypy38_pp73-win_amd64.whl", hash = "sha256:177557a27a048d3d9fb52ef1503a4fbb413ff1209af584c4088127d4edc0ae27"},
    {file = "pygame_ce-2.3.0-pp39-pypy39_pp73-macosx_10_9_x86_64.whl", hash = "sha256:6e1f5196f7d0c9f639e8183041925eb958a9c005a1200d38adc9b33058552662"},
    {file = "pygame_ce-2.3.0-pp39-pypy39_pp73-manylinux_2_17_i686.manylinux2014_i686.whl", hash = "sha256:c1362a62a897f145df70f7277140ae097c8510a1f65092920e0af75932c98fd1"},
    {file = "pygame_ce-2.3.0-pp39-pypy39_pp73-manylinux_2_17_x86_64.manylinux2014_x86_64.whl", hash = "sha256:f9432040f88a8549950c414ab3ad04d63527d533414633faad61d87a3f1d69cc"},
    {file = "pygame_ce-2.3.0-pp39-pypy39_pp73-win_amd64.whl", hash = "sha256:f5b4cb8f9f191f7a05aac8b188d4096af40f4221d4f8774ada4617ab0ae94661"},
]

[metadata]
lock-version = "2.0"
python-versions = "^3.8"
content-hash = "5b35b318dff62870174d97ffca1cec3383e59f3020cad6fd388f8c63bc2e57a1"
